// !$*UTF8*$!
{
	archiveVersion = 1;
	classes = {
	};
	objectVersion = 46;
	objects = {

/* Begin PBXBuildFile section */
		CBAAB2DC1788029700412960 /* UIKit.framework in Frameworks */ = {isa = PBXBuildFile; fileRef = CBAAB2DB1788029700412960 /* UIKit.framework */; };
		CBAAB2DE1788029700412960 /* Foundation.framework in Frameworks */ = {isa = PBXBuildFile; fileRef = CBAAB2DD1788029700412960 /* Foundation.framework */; };
		CBAAB2E01788029700412960 /* CoreGraphics.framework in Frameworks */ = {isa = PBXBuildFile; fileRef = CBAAB2DF1788029700412960 /* CoreGraphics.framework */; };
		CBAAB2E61788029700412960 /* InfoPlist.strings in Resources */ = {isa = PBXBuildFile; fileRef = CBAAB2E41788029700412960 /* InfoPlist.strings */; };
		CBAAB2E81788029700412960 /* main.m in Sources */ = {isa = PBXBuildFile; fileRef = CBAAB2E71788029700412960 /* main.m */; };
		CBAAB2EC1788029700412960 /* KPBAppDelegate.m in Sources */ = {isa = PBXBuildFile; fileRef = CBAAB2EB1788029700412960 /* KPBAppDelegate.m */; };
		CBAAB2EE1788029700412960 /* Default.png in Resources */ = {isa = PBXBuildFile; fileRef = CBAAB2ED1788029700412960 /* Default.png */; };
		CBAAB2F01788029700412960 /* Default@2x.png in Resources */ = {isa = PBXBuildFile; fileRef = CBAAB2EF1788029700412960 /* Default@2x.png */; };
		CBAAB2F21788029700412960 /* Default-568h@2x.png in Resources */ = {isa = PBXBuildFile; fileRef = CBAAB2F11788029700412960 /* Default-568h@2x.png */; };
		CBAAB2FA178802AB00412960 /* KPBUserDefaultsBackedObject.m in Sources */ = {isa = PBXBuildFile; fileRef = CBAAB2F9178802AB00412960 /* KPBUserDefaultsBackedObject.m */; };
		CBAAB2FD178802C700412960 /* KPBAppPreferences.m in Sources */ = {isa = PBXBuildFile; fileRef = CBAAB2FC178802C700412960 /* KPBAppPreferences.m */; };
/* End PBXBuildFile section */

/* Begin PBXFileReference section */
		CBAAB2D81788029700412960 /* KPBUserDefaultsBackedObject.app */ = {isa = PBXFileReference; explicitFileType = wrapper.application; includeInIndex = 0; path = KPBUserDefaultsBackedObject.app; sourceTree = BUILT_PRODUCTS_DIR; };
		CBAAB2DB1788029700412960 /* UIKit.framework */ = {isa = PBXFileReference; lastKnownFileType = wrapper.framework; name = UIKit.framework; path = System/Library/Frameworks/UIKit.framework; sourceTree = SDKROOT; };
		CBAAB2DD1788029700412960 /* Foundation.framework */ = {isa = PBXFileReference; lastKnownFileType = wrapper.framework; name = Foundation.framework; path = System/Library/Frameworks/Foundation.framework; sourceTree = SDKROOT; };
		CBAAB2DF1788029700412960 /* CoreGraphics.framework */ = {isa = PBXFileReference; lastKnownFileType = wrapper.framework; name = CoreGraphics.framework; path = System/Library/Frameworks/CoreGraphics.framework; sourceTree = SDKROOT; };
		CBAAB2E31788029700412960 /* KPBUserDefaultsBackedObject-Info.plist */ = {isa = PBXFileReference; lastKnownFileType = text.plist.xml; path = "KPBUserDefaultsBackedObject-Info.plist"; sourceTree = "<group>"; };
		CBAAB2E51788029700412960 /* en */ = {isa = PBXFileReference; lastKnownFileType = text.plist.strings; name = en; path = en.lproj/InfoPlist.strings; sourceTree = "<group>"; };
		CBAAB2E71788029700412960 /* main.m */ = {isa = PBXFileReference; lastKnownFileType = sourcecode.c.objc; path = main.m; sourceTree = "<group>"; };
		CBAAB2E91788029700412960 /* KPBUserDefaultsBackedObject-Prefix.pch */ = {isa = PBXFileReference; lastKnownFileType = sourcecode.c.h; path = "KPBUserDefaultsBackedObject-Prefix.pch"; sourceTree = "<group>"; };
		CBAAB2EA1788029700412960 /* KPBAppDelegate.h */ = {isa = PBXFileReference; lastKnownFileType = sourcecode.c.h; path = KPBAppDelegate.h; sourceTree = "<group>"; };
		CBAAB2EB1788029700412960 /* KPBAppDelegate.m */ = {isa = PBXFileReference; lastKnownFileType = sourcecode.c.objc; path = KPBAppDelegate.m; sourceTree = "<group>"; };
		CBAAB2ED1788029700412960 /* Default.png */ = {isa = PBXFileReference; lastKnownFileType = image.png; path = Default.png; sourceTree = "<group>"; };
		CBAAB2EF1788029700412960 /* Default@2x.png */ = {isa = PBXFileReference; lastKnownFileType = image.png; path = "Default@2x.png"; sourceTree = "<group>"; };
		CBAAB2F11788029700412960 /* Default-568h@2x.png */ = {isa = PBXFileReference; lastKnownFileType = image.png; path = "Default-568h@2x.png"; sourceTree = "<group>"; };
		CBAAB2F8178802AB00412960 /* KPBUserDefaultsBackedObject.h */ = {isa = PBXFileReference; fileEncoding = 4; lastKnownFileType = sourcecode.c.h; path = KPBUserDefaultsBackedObject.h; sourceTree = "<group>"; };
		CBAAB2F9178802AB00412960 /* KPBUserDefaultsBackedObject.m */ = {isa = PBXFileReference; fileEncoding = 4; lastKnownFileType = sourcecode.c.objc; path = KPBUserDefaultsBackedObject.m; sourceTree = "<group>"; };
		CBAAB2FB178802C700412960 /* KPBAppPreferences.h */ = {isa = PBXFileReference; fileEncoding = 4; lastKnownFileType = sourcecode.c.h; path = KPBAppPreferences.h; sourceTree = "<group>"; };
		CBAAB2FC178802C700412960 /* KPBAppPreferences.m */ = {isa = PBXFileReference; fileEncoding = 4; lastKnownFileType = sourcecode.c.objc; path = KPBAppPreferences.m; sourceTree = "<group>"; };
/* End PBXFileReference section */

/* Begin PBXFrameworksBuildPhase section */
		CBAAB2D51788029700412960 /* Frameworks */ = {
			isa = PBXFrameworksBuildPhase;
			buildActionMask = 2147483647;
			files = (
				CBAAB2DC1788029700412960 /* UIKit.framework in Frameworks */,
				CBAAB2DE1788029700412960 /* Foundation.framework in Frameworks */,
				CBAAB2E01788029700412960 /* CoreGraphics.framework in Frameworks */,
			);
			runOnlyForDeploymentPostprocessing = 0;
		};
/* End PBXFrameworksBuildPhase section */

/* Begin PBXGroup section */
		CBAAB2CF1788029700412960 = {
			isa = PBXGroup;
			children = (
				CBAAB2E11788029700412960 /* KPBUserDefaultsBackedObject */,
				CBAAB2DA1788029700412960 /* Frameworks */,
				CBAAB2D91788029700412960 /* Products */,
			);
			sourceTree = "<group>";
		};
		CBAAB2D91788029700412960 /* Products */ = {
			isa = PBXGroup;
			children = (
				CBAAB2D81788029700412960 /* KPBUserDefaultsBackedObject.app */,
			);
			name = Products;
			sourceTree = "<group>";
		};
		CBAAB2DA1788029700412960 /* Frameworks */ = {
			isa = PBXGroup;
			children = (
				CBAAB2DB1788029700412960 /* UIKit.framework */,
				CBAAB2DD1788029700412960 /* Foundation.framework */,
				CBAAB2DF1788029700412960 /* CoreGraphics.framework */,
			);
			name = Frameworks;
			sourceTree = "<group>";
		};
		CBAAB2E11788029700412960 /* KPBUserDefaultsBackedObject */ = {
			isa = PBXGroup;
			children = (
				CBAAB2EA1788029700412960 /* KPBAppDelegate.h */,
				CBAAB2EB1788029700412960 /* KPBAppDelegate.m */,
				CBAAB2E21788029700412960 /* Supporting Files */,
				CBAAB2F8178802AB00412960 /* KPBUserDefaultsBackedObject.h */,
				CBAAB2F9178802AB00412960 /* KPBUserDefaultsBackedObject.m */,
				CBAAB2FB178802C700412960 /* KPBAppPreferences.h */,
				CBAAB2FC178802C700412960 /* KPBAppPreferences.m */,
			);
			path = KPBUserDefaultsBackedObject;
			sourceTree = "<group>";
		};
		CBAAB2E21788029700412960 /* Supporting Files */ = {
			isa = PBXGroup;
			children = (
				CBAAB2E31788029700412960 /* KPBUserDefaultsBackedObject-Info.plist */,
				CBAAB2E41788029700412960 /* InfoPlist.strings */,
				CBAAB2E71788029700412960 /* main.m */,
				CBAAB2E91788029700412960 /* KPBUserDefaultsBackedObject-Prefix.pch */,
				CBAAB2ED1788029700412960 /* Default.png */,
				CBAAB2EF1788029700412960 /* Default@2x.png */,
				CBAAB2F11788029700412960 /* Default-568h@2x.png */,
			);
			name = "Supporting Files";
			sourceTree = "<group>";
		};
/* End PBXGroup section */

/* Begin PBXNativeTarget section */
		CBAAB2D71788029700412960 /* KPBUserDefaultsBackedObject */ = {
			isa = PBXNativeTarget;
			buildConfigurationList = CBAAB2F51788029700412960 /* Build configuration list for PBXNativeTarget "KPBUserDefaultsBackedObject" */;
			buildPhases = (
				CBAAB2D41788029700412960 /* Sources */,
				CBAAB2D51788029700412960 /* Frameworks */,
				CBAAB2D61788029700412960 /* Resources */,
			);
			buildRules = (
			);
			dependencies = (
			);
			name = KPBUserDefaultsBackedObject;
			productName = KPBUserDefaultsBackedObject;
			productReference = CBAAB2D81788029700412960 /* KPBUserDefaultsBackedObject.app */;
			productType = "com.apple.product-type.application";
		};
/* End PBXNativeTarget section */

/* Begin PBXProject section */
		CBAAB2D01788029700412960 /* Project object */ = {
			isa = PBXProject;
			attributes = {
				CLASSPREFIX = KPB;
				LastUpgradeCheck = 0460;
				ORGANIZATIONNAME = "Karl Bode";
			};
			buildConfigurationList = CBAAB2D31788029700412960 /* Build configuration list for PBXProject "KPBUserDefaultsBackedObject" */;
			compatibilityVersion = "Xcode 3.2";
			developmentRegion = English;
			hasScannedForEncodings = 0;
			knownRegions = (
				en,
			);
			mainGroup = CBAAB2CF1788029700412960;
			productRefGroup = CBAAB2D91788029700412960 /* Products */;
			projectDirPath = "";
			projectRoot = "";
			targets = (
				CBAAB2D71788029700412960 /* KPBUserDefaultsBackedObject */,
			);
		};
/* End PBXProject section */

/* Begin PBXResourcesBuildPhase section */
		CBAAB2D61788029700412960 /* Resources */ = {
			isa = PBXResourcesBuildPhase;
			buildActionMask = 2147483647;
			files = (
				CBAAB2E61788029700412960 /* InfoPlist.strings in Resources */,
				CBAAB2EE1788029700412960 /* Default.png in Resources */,
				CBAAB2F01788029700412960 /* Default@2x.png in Resources */,
				CBAAB2F21788029700412960 /* Default-568h@2x.png in Resources */,
			);
			runOnlyForDeploymentPostprocessing = 0;
		};
/* End PBXResourcesBuildPhase section */

/* Begin PBXSourcesBuildPhase section */
		CBAAB2D41788029700412960 /* Sources */ = {
			isa = PBXSourcesBuildPhase;
			buildActionMask = 2147483647;
			files = (
				CBAAB2E81788029700412960 /* main.m in Sources */,
				CBAAB2EC1788029700412960 /* KPBAppDelegate.m in Sources */,
				CBAAB2FA178802AB00412960 /* KPBUserDefaultsBackedObject.m in Sources */,
				CBAAB2FD178802C700412960 /* KPBAppPreferences.m in Sources */,
			);
			runOnlyForDeploymentPostprocessing = 0;
		};
/* End PBXSourcesBuildPhase section */

/* Begin PBXVariantGroup section */
		CBAAB2E41788029700412960 /* InfoPlist.strings */ = {
			isa = PBXVariantGroup;
			children = (
				CBAAB2E51788029700412960 /* en */,
			);
			name = InfoPlist.strings;
			sourceTree = "<group>";
		};
/* End PBXVariantGroup section */

/* Begin XCBuildConfiguration section */
		CBAAB2F31788029700412960 /* Debug */ = {
			isa = XCBuildConfiguration;
			buildSettings = {
				ALWAYS_SEARCH_USER_PATHS = NO;
				CLANG_CXX_LANGUAGE_STANDARD = "gnu++0x";
				CLANG_CXX_LIBRARY = "libc++";
				CLANG_ENABLE_OBJC_ARC = YES;
				CLANG_WARN_CONSTANT_CONVERSION = YES;
				CLANG_WARN_EMPTY_BODY = YES;
				CLANG_WARN_ENUM_CONVERSION = YES;
				CLANG_WARN_INT_CONVERSION = YES;
				CLANG_WARN__DUPLICATE_METHOD_MATCH = YES;
				"CODE_SIGN_IDENTITY[sdk=iphoneos*]" = "iPhone Developer";
				COPY_PHASE_STRIP = NO;
				GCC_C_LANGUAGE_STANDARD = gnu99;
				GCC_DYNAMIC_NO_PIC = NO;
				GCC_OPTIMIZATION_LEVEL = 0;
				GCC_PREPROCESSOR_DEFINITIONS = (
					"DEBUG=1",
					"$(inherited)",
				);
				GCC_SYMBOLS_PRIVATE_EXTERN = NO;
				GCC_WARN_ABOUT_RETURN_TYPE = YES;
				GCC_WARN_UNINITIALIZED_AUTOS = YES;
				GCC_WARN_UNUSED_VARIABLE = YES;
				IPHONEOS_DEPLOYMENT_TARGET = 6.1;
				ONLY_ACTIVE_ARCH = YES;
				SDKROOT = iphoneos;
				TARGETED_DEVICE_FAMILY = "1,2";
			};
			name = Debug;
		};
		CBAAB2F41788029700412960 /* Release */ = {
			isa = XCBuildConfiguration;
			buildSettings = {
				ALWAYS_SEARCH_USER_PATHS = NO;
				CLANG_CXX_LANGUAGE_STANDARD = "gnu++0x";
				CLANG_CXX_LIBRARY = "libc++";
				CLANG_ENABLE_OBJC_ARC = YES;
				CLANG_WARN_CONSTANT_CONVERSION = YES;
				CLANG_WARN_EMPTY_BODY = YES;
				CLANG_WARN_ENUM_CONVERSION = YES;
				CLANG_WARN_INT_CONVERSION = YES;
				CLANG_WARN__DUPLICATE_METHOD_MATCH = YES;
				"CODE_SIGN_IDENTITY[sdk=iphoneos*]" = "iPhone Developer";
				COPY_PHASE_STRIP = YES;
				GCC_C_LANGUAGE_STANDARD = gnu99;
				GCC_WARN_ABOUT_RETURN_TYPE = YES;
				GCC_WARN_UNINITIALIZED_AUTOS = YES;
				GCC_WARN_UNUSED_VARIABLE = YES;
				IPHONEOS_DEPLOYMENT_TARGET = 6.1;
				OTHER_CFLAGS = "-DNS_BLOCK_ASSERTIONS=1";
				SDKROOT = iphoneos;
				TARGETED_DEVICE_FAMILY = "1,2";
				VALIDATE_PRODUCT = YES;
			};
			name = Release;
		};
		CBAAB2F61788029700412960 /* Debug */ = {
			isa = XCBuildConfiguration;
			buildSettings = {
				GCC_PRECOMPILE_PREFIX_HEADER = YES;
				GCC_PREFIX_HEADER = "KPBUserDefaultsBackedObject/KPBUserDefaultsBackedObject-Prefix.pch";
				INFOPLIST_FILE = "KPBUserDefaultsBackedObject/KPBUserDefaultsBackedObject-Info.plist";
				PRODUCT_NAME = "$(TARGET_NAME)";
				WRAPPER_EXTENSION = app;
			};
			name = Debug;
		};
		CBAAB2F71788029700412960 /* Release */ = {
			isa = XCBuildConfiguration;
			buildSettings = {
				GCC_PRECOMPILE_PREFIX_HEADER = YES;
				GCC_PREFIX_HEADER = "KPBUserDefaultsBackedObject/KPBUserDefaultsBackedObject-Prefix.pch";
				INFOPLIST_FILE = "KPBUserDefaultsBackedObject/KPBUserDefaultsBackedObject-Info.plist";
				PRODUCT_NAME = "$(TARGET_NAME)";
				WRAPPER_EXTENSION = app;
			};
			name = Release;
		};
/* End XCBuildConfiguration section */

/* Begin XCConfigurationList section */
		CBAAB2D31788029700412960 /* Build configuration list for PBXProject "KPBUserDefaultsBackedObject" */ = {
			isa = XCConfigurationList;
			buildConfigurations = (
				CBAAB2F31788029700412960 /* Debug */,
				CBAAB2F41788029700412960 /* Release */,
			);
			defaultConfigurationIsVisible = 0;
			defaultConfigurationName = Release;
		};
		CBAAB2F51788029700412960 /* Build configuration list for PBXNativeTarget "KPBUserDefaultsBackedObject" */ = {
			isa = XCConfigurationList;
			buildConfigurations = (
				CBAAB2F61788029700412960 /* Debug */,
				CBAAB2F71788029700412960 /* Release */,
			);
			defaultConfigurationIsVisible = 0;
		};
/* End XCConfigurationList section */
	};
	rootObject = CBAAB2D01788029700412960 /* Project object */;
}
